
Microsoft Visual Studio Solution File, Format Version 11.00
# Visual Studio 2010
Project("{FAE04EC0-301F-11D3-BF4B-00C04F79EFBC}") = "Unity 2017 Tutorial - Light Probes - Copy", "Assembly-CSharp.csproj", "{78D40269-3E66-FE26-05A0-3A63450B21E5}"
EndProject
Global
	GlobalSection(SolutionConfigurationPlatforms) = preSolution
		Debug|Any CPU = Debug|Any CPU
		Release|Any CPU = Release|Any CPU
	EndGlobalSection
	GlobalSection(ProjectConfigurationPlatforms) = postSolution
		{78D40269-3E66-FE26-05A0-3A63450B21E5}.Debug|Any CPU.ActiveCfg = Debug|Any CPU
		{78D40269-3E66-FE26-05A0-3A63450B21E5}.Debug|Any CPU.Build.0 = Debug|Any CPU
		{78D40269-3E66-FE26-05A0-3A63450B21E5}.Release|Any CPU.ActiveCfg = Release|Any CPU
		{78D40269-3E66-FE26-05A0-3A63450B21E5}.Release|Any CPU.Build.0 = Release|Any CPU
	EndGlobalSection
	GlobalSection(SolutionProperties) = preSolution
		HideSolutionNode = FALSE
	EndGlobalSection
	GlobalSection(MonoDevelopProperties) = preSolution
		StartupItem = Assembly-CSharp.csproj
	EndGlobalSection
EndGlobal
