
Microsoft Visual Studio Solution File, Format Version 12.00
# Visual Studio 2017
Project("{FAE04EC0-301F-11D3-BF4B-00C04F79EFBC}") = "FreeLookCamera", "FreeLookCamera.csproj", "{B1C2ED60-7115-F1FB-7C64-3F9D147B63A1}"
EndProject
Project("{FAE04EC0-301F-11D3-BF4B-00C04F79EFBC}") = "FreeLookCamera.Editor", "FreeLookCamera.Editor.csproj", "{4253D517-0DC2-135B-A9BE-14F6E0777FBE}"
EndProject
Global
	GlobalSection(SolutionConfigurationPlatforms) = preSolution
		Debug|Any CPU = Debug|Any CPU
		Release|Any CPU = Release|Any CPU
	EndGlobalSection
	GlobalSection(ProjectConfigurationPlatforms) = postSolution
		{B1C2ED60-7115-F1FB-7C64-3F9D147B63A1}.Debug|Any CPU.ActiveCfg = Debug|Any CPU
		{B1C2ED60-7115-F1FB-7C64-3F9D147B63A1}.Debug|Any CPU.Build.0 = Debug|Any CPU
		{B1C2ED60-7115-F1FB-7C64-3F9D147B63A1}.Release|Any CPU.ActiveCfg = Release|Any CPU
		{B1C2ED60-7115-F1FB-7C64-3F9D147B63A1}.Release|Any CPU.Build.0 = Release|Any CPU
		{4253D517-0DC2-135B-A9BE-14F6E0777FBE}.Debug|Any CPU.ActiveCfg = Debug|Any CPU
		{4253D517-0DC2-135B-A9BE-14F6E0777FBE}.Debug|Any CPU.Build.0 = Debug|Any CPU
		{4253D517-0DC2-135B-A9BE-14F6E0777FBE}.Release|Any CPU.ActiveCfg = Release|Any CPU
		{4253D517-0DC2-135B-A9BE-14F6E0777FBE}.Release|Any CPU.Build.0 = Release|Any CPU
	EndGlobalSection
	GlobalSection(SolutionProperties) = preSolution
		HideSolutionNode = FALSE
	EndGlobalSection
EndGlobal
