
Microsoft Visual Studio Solution File, Format Version 12.00
# Visual Studio 15
Project("{FAE04EC0-301F-11D3-BF4B-00C04F79EFBC}") = "New Unity Project000", "New Unity Project000.csproj", "{C351356C-6328-BE04-0370-150A04160B33}"
EndProject
Project("{FAE04EC0-301F-11D3-BF4B-00C04F79EFBC}") = "New Unity Project000.Editor", "New Unity Project000.Editor.csproj", "{51E1D288-177E-3A34-DEA2-C9BF035C3F52}"
EndProject
Global
	GlobalSection(SolutionConfigurationPlatforms) = preSolution
		Debug|Any CPU = Debug|Any CPU
		Release|Any CPU = Release|Any CPU
	EndGlobalSection
	GlobalSection(ProjectConfigurationPlatforms) = postSolution
		{C351356C-6328-BE04-0370-150A04160B33}.Debug|Any CPU.ActiveCfg = Debug|Any CPU
		{C351356C-6328-BE04-0370-150A04160B33}.Debug|Any CPU.Build.0 = Debug|Any CPU
		{C351356C-6328-BE04-0370-150A04160B33}.Release|Any CPU.ActiveCfg = Release|Any CPU
		{C351356C-6328-BE04-0370-150A04160B33}.Release|Any CPU.Build.0 = Release|Any CPU
		{51E1D288-177E-3A34-DEA2-C9BF035C3F52}.Debug|Any CPU.ActiveCfg = Debug|Any CPU
		{51E1D288-177E-3A34-DEA2-C9BF035C3F52}.Debug|Any CPU.Build.0 = Debug|Any CPU
		{51E1D288-177E-3A34-DEA2-C9BF035C3F52}.Release|Any CPU.ActiveCfg = Release|Any CPU
		{51E1D288-177E-3A34-DEA2-C9BF035C3F52}.Release|Any CPU.Build.0 = Release|Any CPU
	EndGlobalSection
	GlobalSection(SolutionProperties) = preSolution
		HideSolutionNode = FALSE
	EndGlobalSection
EndGlobal
