
Microsoft Visual Studio Solution File, Format Version 12.00
# Visual Studio 15
VisualStudioVersion = 15.0.28307.1169
MinimumVisualStudioVersion = 10.0.40219.1
Project("{8BC9CEB8-8B4A-11D0-8D11-00A0C91BC942}") = "職工管理系統", "職工管理系統\職工管理系統.vcxproj", "{1B90A855-71BE-48EA-9EDE-548C41F07FAD}"
EndProject
Global
	GlobalSection(SolutionConfigurationPlatforms) = preSolution
		Debug|x64 = Debug|x64
		Debug|x86 = Debug|x86
		Release|x64 = Release|x64
		Release|x86 = Release|x86
	EndGlobalSection
	GlobalSection(ProjectConfigurationPlatforms) = postSolution
		{1B90A855-71BE-48EA-9EDE-548C41F07FAD}.Debug|x64.ActiveCfg = Debug|x64
		{1B90A855-71BE-48EA-9EDE-548C41F07FAD}.Debug|x64.Build.0 = Debug|x64
		{1B90A855-71BE-48EA-9EDE-548C41F07FAD}.Debug|x86.ActiveCfg = Debug|Win32
		{1B90A855-71BE-48EA-9EDE-548C41F07FAD}.Debug|x86.Build.0 = Debug|Win32
		{1B90A855-71BE-48EA-9EDE-548C41F07FAD}.Release|x64.ActiveCfg = Release|x64
		{1B90A855-71BE-48EA-9EDE-548C41F07FAD}.Release|x64.Build.0 = Release|x64
		{1B90A855-71BE-48EA-9EDE-548C41F07FAD}.Release|x86.ActiveCfg = Release|Win32
		{1B90A855-71BE-48EA-9EDE-548C41F07FAD}.Release|x86.Build.0 = Release|Win32
	EndGlobalSection
	GlobalSection(SolutionProperties) = preSolution
		HideSolutionNode = FALSE
	EndGlobalSection
	GlobalSection(ExtensibilityGlobals) = postSolution
		SolutionGuid = {A2AA3908-F1DE-4A05-8FC6-098E7EFA86D7}
	EndGlobalSection
EndGlobal
